
Microsoft Visual Studio Solution File, Format Version 12.00
# Visual Studio Version 17
VisualStudioVersion = 17.9.34723.18
MinimumVisualStudioVersion = 10.0.40219.1
Project("{FAE04EC0-301F-11D3-BF4B-00C04F79EFBC}") = "UmbLocalizationMigrator", "UmbLocalizationMigrator\UmbLocalizationMigrator.csproj", "{B70848E7-27A0-42CF-86AA-3C066ED3D273}"
EndProject
Project("{FAE04EC0-301F-11D3-BF4B-00C04F79EFBC}") = "UmbLocalizationMigrator.Core", "UmbLocalizationMigrator.Core\UmbLocalizationMigrator.Core.csproj", "{F8FD910E-249C-4A70-B5A2-8F8F73159D76}"
EndProject
Global
	GlobalSection(SolutionConfigurationPlatforms) = preSolution
		Debug|Any CPU = Debug|Any CPU
		Release|Any CPU = Release|Any CPU
	EndGlobalSection
	GlobalSection(ProjectConfigurationPlatforms) = postSolution
		{B70848E7-27A0-42CF-86AA-3C066ED3D273}.Debug|Any CPU.ActiveCfg = Debug|Any CPU
		{B70848E7-27A0-42CF-86AA-3C066ED3D273}.Debug|Any CPU.Build.0 = Debug|Any CPU
		{B70848E7-27A0-42CF-86AA-3C066ED3D273}.Release|Any CPU.ActiveCfg = Release|Any CPU
		{B70848E7-27A0-42CF-86AA-3C066ED3D273}.Release|Any CPU.Build.0 = Release|Any CPU
		{F8FD910E-249C-4A70-B5A2-8F8F73159D76}.Debug|Any CPU.ActiveCfg = Debug|Any CPU
		{F8FD910E-249C-4A70-B5A2-8F8F73159D76}.Debug|Any CPU.Build.0 = Debug|Any CPU
		{F8FD910E-249C-4A70-B5A2-8F8F73159D76}.Release|Any CPU.ActiveCfg = Release|Any CPU
		{F8FD910E-249C-4A70-B5A2-8F8F73159D76}.Release|Any CPU.Build.0 = Release|Any CPU
	EndGlobalSection
	GlobalSection(SolutionProperties) = preSolution
		HideSolutionNode = FALSE
	EndGlobalSection
	GlobalSection(ExtensibilityGlobals) = postSolution
		SolutionGuid = {B525E090-F2F5-42E7-A83D-2E82F0F6D122}
	EndGlobalSection
EndGlobal
